// !$*UTF8*$!
{
	archiveVersion = 1;
	classes = {
	};
	objectVersion = 55;
	objects = {

/* Begin PBXBuildFile section */
		81E9A11F2767A11C008EE62E /* AppDelegate.swift in Sources */ = {isa = PBXBuildFile; fileRef = 81E9A11E2767A11C008EE62E /* AppDelegate.swift */; };
		81E9A1212767A11C008EE62E /* SceneDelegate.swift in Sources */ = {isa = PBXBuildFile; fileRef = 81E9A1202767A11C008EE62E /* SceneDelegate.swift */; };
		81E9A1282767A11E008EE62E /* Assets.xcassets in Resources */ = {isa = PBXBuildFile; fileRef = 81E9A1272767A11E008EE62E /* Assets.xcassets */; };
		81E9A12B2767A11E008EE62E /* LaunchScreen.storyboard in Resources */ = {isa = PBXBuildFile; fileRef = 81E9A1292767A11E008EE62E /* LaunchScreen.storyboard */; };
		81E9A1412767A997008EE62E /* placeholder.swift in Sources */ = {isa = PBXBuildFile; fileRef = 81E9A1402767A997008EE62E /* placeholder.swift */; };
		81E9A1432767A9A0008EE62E /* placeholder.swift in Sources */ = {isa = PBXBuildFile; fileRef = 81E9A1422767A9A0008EE62E /* placeholder.swift */; };
		81E9A1452767A9AA008EE62E /* placeholder.swift in Sources */ = {isa = PBXBuildFile; fileRef = 81E9A1442767A9AA008EE62E /* placeholder.swift */; };
		81E9A1472767A9B4008EE62E /* placeholder.swift in Sources */ = {isa = PBXBuildFile; fileRef = 81E9A1462767A9B4008EE62E /* placeholder.swift */; };
		81E9A1492767A9C5008EE62E /* placeholder.swift in Sources */ = {isa = PBXBuildFile; fileRef = 81E9A1482767A9C5008EE62E /* placeholder.swift */; };
		81E9A14B2767A9CE008EE62E /* placeholder.swift in Sources */ = {isa = PBXBuildFile; fileRef = 81E9A14A2767A9CE008EE62E /* placeholder.swift */; };
		81E9A14D2767A9D7008EE62E /* placeholder.swift in Sources */ = {isa = PBXBuildFile; fileRef = 81E9A14C2767A9D7008EE62E /* placeholder.swift */; };
		81E9A14F2767A9DF008EE62E /* placeholder.swift in Sources */ = {isa = PBXBuildFile; fileRef = 81E9A14E2767A9DF008EE62E /* placeholder.swift */; };
		81E9A1512767A9ED008EE62E /* placeholder.swift in Sources */ = {isa = PBXBuildFile; fileRef = 81E9A1502767A9ED008EE62E /* placeholder.swift */; };
/* End PBXBuildFile section */

/* Begin PBXFileReference section */
		81E9A11B2767A11C008EE62E /* ourbank-app.app */ = {isa = PBXFileReference; explicitFileType = wrapper.application; includeInIndex = 0; path = "ourbank-app.app"; sourceTree = BUILT_PRODUCTS_DIR; };
		81E9A11E2767A11C008EE62E /* AppDelegate.swift */ = {isa = PBXFileReference; lastKnownFileType = sourcecode.swift; path = AppDelegate.swift; sourceTree = "<group>"; };
		81E9A1202767A11C008EE62E /* SceneDelegate.swift */ = {isa = PBXFileReference; lastKnownFileType = sourcecode.swift; path = SceneDelegate.swift; sourceTree = "<group>"; };
		81E9A1272767A11E008EE62E /* Assets.xcassets */ = {isa = PBXFileReference; lastKnownFileType = folder.assetcatalog; path = Assets.xcassets; sourceTree = "<group>"; };
		81E9A12A2767A11E008EE62E /* Base */ = {isa = PBXFileReference; lastKnownFileType = file.storyboard; name = Base; path = Base.lproj/LaunchScreen.storyboard; sourceTree = "<group>"; };
		81E9A12C2767A11E008EE62E /* Info.plist */ = {isa = PBXFileReference; lastKnownFileType = text.plist.xml; path = Info.plist; sourceTree = "<group>"; };
		81E9A1402767A997008EE62E /* placeholder.swift */ = {isa = PBXFileReference; lastKnownFileType = sourcecode.swift; path = placeholder.swift; sourceTree = "<group>"; };
		81E9A1422767A9A0008EE62E /* placeholder.swift */ = {isa = PBXFileReference; lastKnownFileType = sourcecode.swift; path = placeholder.swift; sourceTree = "<group>"; };
		81E9A1442767A9AA008EE62E /* placeholder.swift */ = {isa = PBXFileReference; lastKnownFileType = sourcecode.swift; path = placeholder.swift; sourceTree = "<group>"; };
		81E9A1462767A9B4008EE62E /* placeholder.swift */ = {isa = PBXFileReference; lastKnownFileType = sourcecode.swift; path = placeholder.swift; sourceTree = "<group>"; };
		81E9A1482767A9C5008EE62E /* placeholder.swift */ = {isa = PBXFileReference; lastKnownFileType = sourcecode.swift; path = placeholder.swift; sourceTree = "<group>"; };
		81E9A14A2767A9CE008EE62E /* placeholder.swift */ = {isa = PBXFileReference; lastKnownFileType = sourcecode.swift; path = placeholder.swift; sourceTree = "<group>"; };
		81E9A14C2767A9D7008EE62E /* placeholder.swift */ = {isa = PBXFileReference; lastKnownFileType = sourcecode.swift; path = placeholder.swift; sourceTree = "<group>"; };
		81E9A14E2767A9DF008EE62E /* placeholder.swift */ = {isa = PBXFileReference; lastKnownFileType = sourcecode.swift; path = placeholder.swift; sourceTree = "<group>"; };
		81E9A1502767A9ED008EE62E /* placeholder.swift */ = {isa = PBXFileReference; lastKnownFileType = sourcecode.swift; path = placeholder.swift; sourceTree = "<group>"; };
/* End PBXFileReference section */

/* Begin PBXFrameworksBuildPhase section */
		81E9A1182767A11C008EE62E /* Frameworks */ = {
			isa = PBXFrameworksBuildPhase;
			buildActionMask = 2147483647;
			files = (
			);
			runOnlyForDeploymentPostprocessing = 0;
		};
/* End PBXFrameworksBuildPhase section */

/* Begin PBXGroup section */
		81E9A1122767A11C008EE62E = {
			isa = PBXGroup;
			children = (
				81E9A11D2767A11C008EE62E /* ourbank-app */,
				81E9A11C2767A11C008EE62E /* Products */,
			);
			sourceTree = "<group>";
		};
		81E9A11C2767A11C008EE62E /* Products */ = {
			isa = PBXGroup;
			children = (
				81E9A11B2767A11C008EE62E /* ourbank-app.app */,
			);
			name = Products;
			sourceTree = "<group>";
		};
		81E9A11D2767A11C008EE62E /* ourbank-app */ = {
			isa = PBXGroup;
			children = (
				81E9A1332767A336008EE62E /* Configs */,
				81E9A1322767A327008EE62E /* Resources */,
			);
			path = "ourbank-app";
			sourceTree = "<group>";
		};
		81E9A1322767A327008EE62E /* Resources */ = {
			isa = PBXGroup;
			children = (
				81E9A1342767A356008EE62E /* Coordinators */,
				81E9A1352767A35F008EE62E /* Scenes */,
				81E9A1272767A11E008EE62E /* Assets.xcassets */,
				81E9A12C2767A11E008EE62E /* Info.plist */,
			);
			path = Resources;
			sourceTree = "<group>";
		};
		81E9A1332767A336008EE62E /* Configs */ = {
			isa = PBXGroup;
			children = (
				81E9A11E2767A11C008EE62E /* AppDelegate.swift */,
				81E9A1202767A11C008EE62E /* SceneDelegate.swift */,
				81E9A1292767A11E008EE62E /* LaunchScreen.storyboard */,
			);
			path = Configs;
			sourceTree = "<group>";
		};
		81E9A1342767A356008EE62E /* Coordinators */ = {
			isa = PBXGroup;
			children = (
				81E9A1502767A9ED008EE62E /* placeholder.swift */,
			);
			path = Coordinators;
			sourceTree = "<group>";
		};
		81E9A1352767A35F008EE62E /* Scenes */ = {
			isa = PBXGroup;
			children = (
				81E9A1372767A37D008EE62E /* Home */,
				81E9A1362767A375008EE62E /* Sessions */,
			);
			path = Scenes;
			sourceTree = "<group>";
		};
		81E9A1362767A375008EE62E /* Sessions */ = {
			isa = PBXGroup;
			children = (
				81E9A13F2767A45D008EE62E /* Models */,
				81E9A13E2767A453008EE62E /* ModelViews */,
				81E9A13D2767A445008EE62E /* ViewControllers */,
				81E9A13C2767A43B008EE62E /* Views */,
			);
			path = Sessions;
			sourceTree = "<group>";
		};
		81E9A1372767A37D008EE62E /* Home */ = {
			isa = PBXGroup;
			children = (
				81E9A13B2767A3FD008EE62E /* Views */,
				81E9A13A2767A3E1008EE62E /* ViewControllers */,
				81E9A1392767A3CE008EE62E /* ModelViews */,
				81E9A1382767A3C4008EE62E /* Models */,
			);
			path = Home;
			sourceTree = "<group>";
		};
		81E9A1382767A3C4008EE62E /* Models */ = {
			isa = PBXGroup;
			children = (
				81E9A1462767A9B4008EE62E /* placeholder.swift */,
			);
			path = Models;
			sourceTree = "<group>";
		};
		81E9A1392767A3CE008EE62E /* ModelViews */ = {
			isa = PBXGroup;
			children = (
				81E9A1442767A9AA008EE62E /* placeholder.swift */,
			);
			path = ModelViews;
			sourceTree = "<group>";
		};
		81E9A13A2767A3E1008EE62E /* ViewControllers */ = {
			isa = PBXGroup;
			children = (
				81E9A1422767A9A0008EE62E /* placeholder.swift */,
			);
			path = ViewControllers;
			sourceTree = "<group>";
		};
		81E9A13B2767A3FD008EE62E /* Views */ = {
			isa = PBXGroup;
			children = (
				81E9A1402767A997008EE62E /* placeholder.swift */,
			);
			path = Views;
			sourceTree = "<group>";
		};
		81E9A13C2767A43B008EE62E /* Views */ = {
			isa = PBXGroup;
			children = (
				81E9A14E2767A9DF008EE62E /* placeholder.swift */,
			);
			path = Views;
			sourceTree = "<group>";
		};
		81E9A13D2767A445008EE62E /* ViewControllers */ = {
			isa = PBXGroup;
			children = (
				81E9A14C2767A9D7008EE62E /* placeholder.swift */,
			);
			path = ViewControllers;
			sourceTree = "<group>";
		};
		81E9A13E2767A453008EE62E /* ModelViews */ = {
			isa = PBXGroup;
			children = (
				81E9A14A2767A9CE008EE62E /* placeholder.swift */,
			);
			path = ModelViews;
			sourceTree = "<group>";
		};
		81E9A13F2767A45D008EE62E /* Models */ = {
			isa = PBXGroup;
			children = (
				81E9A1482767A9C5008EE62E /* placeholder.swift */,
			);
			path = Models;
			sourceTree = "<group>";
		};
/* End PBXGroup section */

/* Begin PBXNativeTarget section */
		81E9A11A2767A11C008EE62E /* ourbank-app */ = {
			isa = PBXNativeTarget;
			buildConfigurationList = 81E9A12F2767A11E008EE62E /* Build configuration list for PBXNativeTarget "ourbank-app" */;
			buildPhases = (
				81E9A1172767A11C008EE62E /* Sources */,
				81E9A1182767A11C008EE62E /* Frameworks */,
				81E9A1192767A11C008EE62E /* Resources */,
			);
			buildRules = (
			);
			dependencies = (
			);
			name = "ourbank-app";
			productName = "ourbank-app";
			productReference = 81E9A11B2767A11C008EE62E /* ourbank-app.app */;
			productType = "com.apple.product-type.application";
		};
/* End PBXNativeTarget section */

/* Begin PBXProject section */
		81E9A1132767A11C008EE62E /* Project object */ = {
			isa = PBXProject;
			attributes = {
				BuildIndependentTargetsInParallel = 1;
				LastSwiftUpdateCheck = 1310;
				LastUpgradeCheck = 1310;
				TargetAttributes = {
					81E9A11A2767A11C008EE62E = {
						CreatedOnToolsVersion = 13.1;
					};
				};
			};
			buildConfigurationList = 81E9A1162767A11C008EE62E /* Build configuration list for PBXProject "ourbank-app" */;
			compatibilityVersion = "Xcode 13.0";
			developmentRegion = en;
			hasScannedForEncodings = 0;
			knownRegions = (
				en,
				Base,
			);
			mainGroup = 81E9A1122767A11C008EE62E;
			productRefGroup = 81E9A11C2767A11C008EE62E /* Products */;
			projectDirPath = "";
			projectRoot = "";
			targets = (
				81E9A11A2767A11C008EE62E /* ourbank-app */,
			);
		};
/* End PBXProject section */

/* Begin PBXResourcesBuildPhase section */
		81E9A1192767A11C008EE62E /* Resources */ = {
			isa = PBXResourcesBuildPhase;
			buildActionMask = 2147483647;
			files = (
				81E9A12B2767A11E008EE62E /* LaunchScreen.storyboard in Resources */,
				81E9A1282767A11E008EE62E /* Assets.xcassets in Resources */,
			);
			runOnlyForDeploymentPostprocessing = 0;
		};
/* End PBXResourcesBuildPhase section */

/* Begin PBXSourcesBuildPhase section */
		81E9A1172767A11C008EE62E /* Sources */ = {
			isa = PBXSourcesBuildPhase;
			buildActionMask = 2147483647;
			files = (
				81E9A1412767A997008EE62E /* placeholder.swift in Sources */,
				81E9A14F2767A9DF008EE62E /* placeholder.swift in Sources */,
				81E9A1492767A9C5008EE62E /* placeholder.swift in Sources */,
				81E9A1452767A9AA008EE62E /* placeholder.swift in Sources */,
				81E9A11F2767A11C008EE62E /* AppDelegate.swift in Sources */,
				81E9A1472767A9B4008EE62E /* placeholder.swift in Sources */,
				81E9A1212767A11C008EE62E /* SceneDelegate.swift in Sources */,
				81E9A1512767A9ED008EE62E /* placeholder.swift in Sources */,
				81E9A14D2767A9D7008EE62E /* placeholder.swift in Sources */,
				81E9A1432767A9A0008EE62E /* placeholder.swift in Sources */,
				81E9A14B2767A9CE008EE62E /* placeholder.swift in Sources */,
			);
			runOnlyForDeploymentPostprocessing = 0;
		};
/* End PBXSourcesBuildPhase section */

/* Begin PBXVariantGroup section */
		81E9A1292767A11E008EE62E /* LaunchScreen.storyboard */ = {
			isa = PBXVariantGroup;
			children = (
				81E9A12A2767A11E008EE62E /* Base */,
			);
			name = LaunchScreen.storyboard;
			sourceTree = "<group>";
		};
/* End PBXVariantGroup section */

/* Begin XCBuildConfiguration section */
		81E9A12D2767A11E008EE62E /* Debug */ = {
			isa = XCBuildConfiguration;
			buildSettings = {
				ALWAYS_SEARCH_USER_PATHS = NO;
				CLANG_ANALYZER_NONNULL = YES;
				CLANG_ANALYZER_NUMBER_OBJECT_CONVERSION = YES_AGGRESSIVE;
				CLANG_CXX_LANGUAGE_STANDARD = "gnu++17";
				CLANG_CXX_LIBRARY = "libc++";
				CLANG_ENABLE_MODULES = YES;
				CLANG_ENABLE_OBJC_ARC = YES;
				CLANG_ENABLE_OBJC_WEAK = YES;
				CLANG_WARN_BLOCK_CAPTURE_AUTORELEASING = YES;
				CLANG_WARN_BOOL_CONVERSION = YES;
				CLANG_WARN_COMMA = YES;
				CLANG_WARN_CONSTANT_CONVERSION = YES;
				CLANG_WARN_DEPRECATED_OBJC_IMPLEMENTATIONS = YES;
				CLANG_WARN_DIRECT_OBJC_ISA_USAGE = YES_ERROR;
				CLANG_WARN_DOCUMENTATION_COMMENTS = YES;
				CLANG_WARN_EMPTY_BODY = YES;
				CLANG_WARN_ENUM_CONVERSION = YES;
				CLANG_WARN_INFINITE_RECURSION = YES;
				CLANG_WARN_INT_CONVERSION = YES;
				CLANG_WARN_NON_LITERAL_NULL_CONVERSION = YES;
				CLANG_WARN_OBJC_IMPLICIT_RETAIN_SELF = YES;
				CLANG_WARN_OBJC_LITERAL_CONVERSION = YES;
				CLANG_WARN_OBJC_ROOT_CLASS = YES_ERROR;
				CLANG_WARN_QUOTED_INCLUDE_IN_FRAMEWORK_HEADER = YES;
				CLANG_WARN_RANGE_LOOP_ANALYSIS = YES;
				CLANG_WARN_STRICT_PROTOTYPES = YES;
				CLANG_WARN_SUSPICIOUS_MOVE = YES;
				CLANG_WARN_UNGUARDED_AVAILABILITY = YES_AGGRESSIVE;
				CLANG_WARN_UNREACHABLE_CODE = YES;
				CLANG_WARN__DUPLICATE_METHOD_MATCH = YES;
				COPY_PHASE_STRIP = NO;
				DEBUG_INFORMATION_FORMAT = dwarf;
				ENABLE_STRICT_OBJC_MSGSEND = YES;
				ENABLE_TESTABILITY = YES;
				GCC_C_LANGUAGE_STANDARD = gnu11;
				GCC_DYNAMIC_NO_PIC = NO;
				GCC_NO_COMMON_BLOCKS = YES;
				GCC_OPTIMIZATION_LEVEL = 0;
				GCC_PREPROCESSOR_DEFINITIONS = (
					"DEBUG=1",
					"$(inherited)",
				);
				GCC_WARN_64_TO_32_BIT_CONVERSION = YES;
				GCC_WARN_ABOUT_RETURN_TYPE = YES_ERROR;
				GCC_WARN_UNDECLARED_SELECTOR = YES;
				GCC_WARN_UNINITIALIZED_AUTOS = YES_AGGRESSIVE;
				GCC_WARN_UNUSED_FUNCTION = YES;
				GCC_WARN_UNUSED_VARIABLE = YES;
				IPHONEOS_DEPLOYMENT_TARGET = 15.0;
				MTL_ENABLE_DEBUG_INFO = INCLUDE_SOURCE;
				MTL_FAST_MATH = YES;
				ONLY_ACTIVE_ARCH = YES;
				SDKROOT = iphoneos;
				SWIFT_ACTIVE_COMPILATION_CONDITIONS = DEBUG;
				SWIFT_OPTIMIZATION_LEVEL = "-Onone";
			};
			name = Debug;
		};
		81E9A12E2767A11E008EE62E /* Release */ = {
			isa = XCBuildConfiguration;
			buildSettings = {
				ALWAYS_SEARCH_USER_PATHS = NO;
				CLANG_ANALYZER_NONNULL = YES;
				CLANG_ANALYZER_NUMBER_OBJECT_CONVERSION = YES_AGGRESSIVE;
				CLANG_CXX_LANGUAGE_STANDARD = "gnu++17";
				CLANG_CXX_LIBRARY = "libc++";
				CLANG_ENABLE_MODULES = YES;
				CLANG_ENABLE_OBJC_ARC = YES;
				CLANG_ENABLE_OBJC_WEAK = YES;
				CLANG_WARN_BLOCK_CAPTURE_AUTORELEASING = YES;
				CLANG_WARN_BOOL_CONVERSION = YES;
				CLANG_WARN_COMMA = YES;
				CLANG_WARN_CONSTANT_CONVERSION = YES;
				CLANG_WARN_DEPRECATED_OBJC_IMPLEMENTATIONS = YES;
				CLANG_WARN_DIRECT_OBJC_ISA_USAGE = YES_ERROR;
				CLANG_WARN_DOCUMENTATION_COMMENTS = YES;
				CLANG_WARN_EMPTY_BODY = YES;
				CLANG_WARN_ENUM_CONVERSION = YES;
				CLANG_WARN_INFINITE_RECURSION = YES;
				CLANG_WARN_INT_CONVERSION = YES;
				CLANG_WARN_NON_LITERAL_NULL_CONVERSION = YES;
				CLANG_WARN_OBJC_IMPLICIT_RETAIN_SELF = YES;
				CLANG_WARN_OBJC_LITERAL_CONVERSION = YES;
				CLANG_WARN_OBJC_ROOT_CLASS = YES_ERROR;
				CLANG_WARN_QUOTED_INCLUDE_IN_FRAMEWORK_HEADER = YES;
				CLANG_WARN_RANGE_LOOP_ANALYSIS = YES;
				CLANG_WARN_STRICT_PROTOTYPES = YES;
				CLANG_WARN_SUSPICIOUS_MOVE = YES;
				CLANG_WARN_UNGUARDED_AVAILABILITY = YES_AGGRESSIVE;
				CLANG_WARN_UNREACHABLE_CODE = YES;
				CLANG_WARN__DUPLICATE_METHOD_MATCH = YES;
				COPY_PHASE_STRIP = NO;
				DEBUG_INFORMATION_FORMAT = "dwarf-with-dsym";
				ENABLE_NS_ASSERTIONS = NO;
				ENABLE_STRICT_OBJC_MSGSEND = YES;
				GCC_C_LANGUAGE_STANDARD = gnu11;
				GCC_NO_COMMON_BLOCKS = YES;
				GCC_WARN_64_TO_32_BIT_CONVERSION = YES;
				GCC_WARN_ABOUT_RETURN_TYPE = YES_ERROR;
				GCC_WARN_UNDECLARED_SELECTOR = YES;
				GCC_WARN_UNINITIALIZED_AUTOS = YES_AGGRESSIVE;
				GCC_WARN_UNUSED_FUNCTION = YES;
				GCC_WARN_UNUSED_VARIABLE = YES;
				IPHONEOS_DEPLOYMENT_TARGET = 15.0;
				MTL_ENABLE_DEBUG_INFO = NO;
				MTL_FAST_MATH = YES;
				SDKROOT = iphoneos;
				SWIFT_COMPILATION_MODE = wholemodule;
				SWIFT_OPTIMIZATION_LEVEL = "-O";
				VALIDATE_PRODUCT = YES;
			};
			name = Release;
		};
		81E9A1302767A11E008EE62E /* Debug */ = {
			isa = XCBuildConfiguration;
			buildSettings = {
				ASSETCATALOG_COMPILER_APPICON_NAME = AppIcon;
				ASSETCATALOG_COMPILER_GLOBAL_ACCENT_COLOR_NAME = AccentColor;
				CODE_SIGN_STYLE = Automatic;
				CURRENT_PROJECT_VERSION = 1;
				DEVELOPMENT_TEAM = 33X87SWU62;
				GENERATE_INFOPLIST_FILE = YES;
				INFOPLIST_FILE = "ourbank-app/Info.plist";
				INFOPLIST_KEY_UIApplicationSupportsIndirectInputEvents = YES;
				INFOPLIST_KEY_UILaunchStoryboardName = LaunchScreen;
				INFOPLIST_KEY_UISupportedInterfaceOrientations_iPad = "UIInterfaceOrientationPortrait UIInterfaceOrientationPortraitUpsideDown UIInterfaceOrientationLandscapeLeft UIInterfaceOrientationLandscapeRight";
				INFOPLIST_KEY_UISupportedInterfaceOrientations_iPhone = "UIInterfaceOrientationPortrait UIInterfaceOrientationLandscapeLeft UIInterfaceOrientationLandscapeRight";
				LD_RUNPATH_SEARCH_PATHS = (
					"$(inherited)",
					"@executable_path/Frameworks",
				);
				MARKETING_VERSION = 1.0;
				PRODUCT_BUNDLE_IDENTIFIER = "com.gabrielrom.ourbank-app";
				PRODUCT_NAME = "$(TARGET_NAME)";
				SWIFT_EMIT_LOC_STRINGS = YES;
				SWIFT_VERSION = 5.0;
				TARGETED_DEVICE_FAMILY = "1,2";
			};
			name = Debug;
		};
		81E9A1312767A11E008EE62E /* Release */ = {
			isa = XCBuildConfiguration;
			buildSettings = {
				ASSETCATALOG_COMPILER_APPICON_NAME = AppIcon;
				ASSETCATALOG_COMPILER_GLOBAL_ACCENT_COLOR_NAME = AccentColor;
				CODE_SIGN_STYLE = Automatic;
				CURRENT_PROJECT_VERSION = 1;
				DEVELOPMENT_TEAM = 33X87SWU62;
				GENERATE_INFOPLIST_FILE = YES;
				INFOPLIST_FILE = "ourbank-app/Info.plist";
				INFOPLIST_KEY_UIApplicationSupportsIndirectInputEvents = YES;
				INFOPLIST_KEY_UILaunchStoryboardName = LaunchScreen;
				INFOPLIST_KEY_UISupportedInterfaceOrientations_iPad = "UIInterfaceOrientationPortrait UIInterfaceOrientationPortraitUpsideDown UIInterfaceOrientationLandscapeLeft UIInterfaceOrientationLandscapeRight";
				INFOPLIST_KEY_UISupportedInterfaceOrientations_iPhone = "UIInterfaceOrientationPortrait UIInterfaceOrientationLandscapeLeft UIInterfaceOrientationLandscapeRight";
				LD_RUNPATH_SEARCH_PATHS = (
					"$(inherited)",
					"@executable_path/Frameworks",
				);
				MARKETING_VERSION = 1.0;
				PRODUCT_BUNDLE_IDENTIFIER = "com.gabrielrom.ourbank-app";
				PRODUCT_NAME = "$(TARGET_NAME)";
				SWIFT_EMIT_LOC_STRINGS = YES;
				SWIFT_VERSION = 5.0;
				TARGETED_DEVICE_FAMILY = "1,2";
			};
			name = Release;
		};
/* End XCBuildConfiguration section */

/* Begin XCConfigurationList section */
		81E9A1162767A11C008EE62E /* Build configuration list for PBXProject "ourbank-app" */ = {
			isa = XCConfigurationList;
			buildConfigurations = (
				81E9A12D2767A11E008EE62E /* Debug */,
				81E9A12E2767A11E008EE62E /* Release */,
			);
			defaultConfigurationIsVisible = 0;
			defaultConfigurationName = Release;
		};
		81E9A12F2767A11E008EE62E /* Build configuration list for PBXNativeTarget "ourbank-app" */ = {
			isa = XCConfigurationList;
			buildConfigurations = (
				81E9A1302767A11E008EE62E /* Debug */,
				81E9A1312767A11E008EE62E /* Release */,
			);
			defaultConfigurationIsVisible = 0;
			defaultConfigurationName = Release;
		};
/* End XCConfigurationList section */
	};
	rootObject = 81E9A1132767A11C008EE62E /* Project object */;
}
